
Microsoft Visual Studio Solution File, Format Version 12.00
# Visual Studio Version 17
VisualStudioVersion = 17.5.002.0
MinimumVisualStudioVersion = 10.0.40219.1
Project("{9A19103F-16F7-4668-BE54-9A1E7A4F7556}") = "EggStatus", "EggStatus.csproj", "{A72ADA77-82D4-4427-962F-FFC58908301D}"
EndProject
Global
	GlobalSection(SolutionConfigurationPlatforms) = preSolution
		Debug|Any CPU = Debug|Any CPU
		Release|Any CPU = Release|Any CPU
	EndGlobalSection
	GlobalSection(ProjectConfigurationPlatforms) = postSolution
		{A72ADA77-82D4-4427-962F-FFC58908301D}.Debug|Any CPU.ActiveCfg = Debug|Any CPU
		{A72ADA77-82D4-4427-962F-FFC58908301D}.Debug|Any CPU.Build.0 = Debug|Any CPU
		{A72ADA77-82D4-4427-962F-FFC58908301D}.Release|Any CPU.ActiveCfg = Release|Any CPU
		{A72ADA77-82D4-4427-962F-FFC58908301D}.Release|Any CPU.Build.0 = Release|Any CPU
	EndGlobalSection
	GlobalSection(SolutionProperties) = preSolution
		HideSolutionNode = FALSE
	EndGlobalSection
	GlobalSection(ExtensibilityGlobals) = postSolution
		SolutionGuid = {DABC13D2-B56C-4F77-948F-B3E94671A41C}
	EndGlobalSection
EndGlobal
